
Microsoft Visual Studio Solution File, Format Version 12.00
# Visual Studio Version 17
VisualStudioVersion = 17.2.32602.215
MinimumVisualStudioVersion = 10.0.40219.1
Project("{9A19103F-16F7-4668-BE54-9A1E7A4F7556}") = "avtofon_api_client", "avtofon_api_client\avtofon_api_client.csproj", "{4C92BC55-7BD7-4BB0-8729-84B24B966049}"
EndProject
Project("{9A19103F-16F7-4668-BE54-9A1E7A4F7556}") = "Telegram_bot", "Telegram_car_bot\Telegram_bot.csproj", "{8392409F-A875-4A84-9BE7-3024257BECD9}"
EndProject
Global
	GlobalSection(SolutionConfigurationPlatforms) = preSolution
		Debug|Any CPU = Debug|Any CPU
		Release|Any CPU = Release|Any CPU
	EndGlobalSection
	GlobalSection(ProjectConfigurationPlatforms) = postSolution
		{4C92BC55-7BD7-4BB0-8729-84B24B966049}.Debug|Any CPU.ActiveCfg = Debug|Any CPU
		{4C92BC55-7BD7-4BB0-8729-84B24B966049}.Debug|Any CPU.Build.0 = Debug|Any CPU
		{4C92BC55-7BD7-4BB0-8729-84B24B966049}.Release|Any CPU.ActiveCfg = Release|Any CPU
		{4C92BC55-7BD7-4BB0-8729-84B24B966049}.Release|Any CPU.Build.0 = Release|Any CPU
		{8392409F-A875-4A84-9BE7-3024257BECD9}.Debug|Any CPU.ActiveCfg = Debug|Any CPU
		{8392409F-A875-4A84-9BE7-3024257BECD9}.Debug|Any CPU.Build.0 = Debug|Any CPU
		{8392409F-A875-4A84-9BE7-3024257BECD9}.Release|Any CPU.ActiveCfg = Release|Any CPU
		{8392409F-A875-4A84-9BE7-3024257BECD9}.Release|Any CPU.Build.0 = Release|Any CPU
	EndGlobalSection
	GlobalSection(SolutionProperties) = preSolution
		HideSolutionNode = FALSE
	EndGlobalSection
	GlobalSection(ExtensibilityGlobals) = postSolution
		SolutionGuid = {BE5BB28F-4618-429F-BF69-A7447D5AC6EE}
	EndGlobalSection
EndGlobal
